
Microsoft Visual Studio Solution File, Format Version 12.00
Project("{2150E333-8FDC-42A3-9474-1A3956D46DE8}") = "src", "src", "{774FA1FB-59D1-446A-B10C-38B7E7184689}"
EndProject
Project("{FAE04EC0-301F-11D3-BF4B-00C04F79EFBC}") = "Lume.API", "src\Lume.API\Lume.API.csproj", "{74A6978B-B151-43EE-AFF2-57B1DE760D20}"
EndProject
Project("{FAE04EC0-301F-11D3-BF4B-00C04F79EFBC}") = "Lume.Application", "src\Lume.Application\Lume.Application.csproj", "{5DE229D2-0D53-4615-BD83-F67998BD65F2}"
EndProject
Project("{FAE04EC0-301F-11D3-BF4B-00C04F79EFBC}") = "Lume.Domain", "src\Lume.Domain\Lume.Domain.csproj", "{CF510731-60E2-4D52-95FB-DC7CB5379E08}"
EndProject
Project("{FAE04EC0-301F-11D3-BF4B-00C04F79EFBC}") = "Lume.Infrastructure", "src\Lume.Infrastructure\Lume.Infrastructure.csproj", "{E7DE86CA-D06F-4A92-BA64-D70F592A2BC3}"
EndProject
Project("{2150E333-8FDC-42A3-9474-1A3956D46DE8}") = "tests", "tests", "{0DD0B364-3D7B-41B5-ADEA-A7D18500C7A9}"
EndProject
Project("{FAE04EC0-301F-11D3-BF4B-00C04F79EFBC}") = "Lume.Application.Tests", "src\Lume.Application.Tests\Lume.Application.Tests.csproj", "{6BFA891F-B8DF-4F7C-A565-C755F380603B}"
EndProject
Global
	GlobalSection(SolutionConfigurationPlatforms) = preSolution
		Debug|Any CPU = Debug|Any CPU
		Release|Any CPU = Release|Any CPU
	EndGlobalSection
	GlobalSection(ProjectConfigurationPlatforms) = postSolution
		{74A6978B-B151-43EE-AFF2-57B1DE760D20}.Debug|Any CPU.ActiveCfg = Debug|Any CPU
		{74A6978B-B151-43EE-AFF2-57B1DE760D20}.Debug|Any CPU.Build.0 = Debug|Any CPU
		{74A6978B-B151-43EE-AFF2-57B1DE760D20}.Release|Any CPU.ActiveCfg = Release|Any CPU
		{74A6978B-B151-43EE-AFF2-57B1DE760D20}.Release|Any CPU.Build.0 = Release|Any CPU
		{5DE229D2-0D53-4615-BD83-F67998BD65F2}.Debug|Any CPU.ActiveCfg = Debug|Any CPU
		{5DE229D2-0D53-4615-BD83-F67998BD65F2}.Debug|Any CPU.Build.0 = Debug|Any CPU
		{5DE229D2-0D53-4615-BD83-F67998BD65F2}.Release|Any CPU.ActiveCfg = Release|Any CPU
		{5DE229D2-0D53-4615-BD83-F67998BD65F2}.Release|Any CPU.Build.0 = Release|Any CPU
		{CF510731-60E2-4D52-95FB-DC7CB5379E08}.Debug|Any CPU.ActiveCfg = Debug|Any CPU
		{CF510731-60E2-4D52-95FB-DC7CB5379E08}.Debug|Any CPU.Build.0 = Debug|Any CPU
		{CF510731-60E2-4D52-95FB-DC7CB5379E08}.Release|Any CPU.ActiveCfg = Release|Any CPU
		{CF510731-60E2-4D52-95FB-DC7CB5379E08}.Release|Any CPU.Build.0 = Release|Any CPU
		{E7DE86CA-D06F-4A92-BA64-D70F592A2BC3}.Debug|Any CPU.ActiveCfg = Debug|Any CPU
		{E7DE86CA-D06F-4A92-BA64-D70F592A2BC3}.Debug|Any CPU.Build.0 = Debug|Any CPU
		{E7DE86CA-D06F-4A92-BA64-D70F592A2BC3}.Release|Any CPU.ActiveCfg = Release|Any CPU
		{E7DE86CA-D06F-4A92-BA64-D70F592A2BC3}.Release|Any CPU.Build.0 = Release|Any CPU
		{6BFA891F-B8DF-4F7C-A565-C755F380603B}.Debug|Any CPU.ActiveCfg = Debug|Any CPU
		{6BFA891F-B8DF-4F7C-A565-C755F380603B}.Debug|Any CPU.Build.0 = Debug|Any CPU
		{6BFA891F-B8DF-4F7C-A565-C755F380603B}.Release|Any CPU.ActiveCfg = Release|Any CPU
		{6BFA891F-B8DF-4F7C-A565-C755F380603B}.Release|Any CPU.Build.0 = Release|Any CPU
	EndGlobalSection
	GlobalSection(NestedProjects) = preSolution
		{74A6978B-B151-43EE-AFF2-57B1DE760D20} = {774FA1FB-59D1-446A-B10C-38B7E7184689}
		{5DE229D2-0D53-4615-BD83-F67998BD65F2} = {774FA1FB-59D1-446A-B10C-38B7E7184689}
		{CF510731-60E2-4D52-95FB-DC7CB5379E08} = {774FA1FB-59D1-446A-B10C-38B7E7184689}
		{E7DE86CA-D06F-4A92-BA64-D70F592A2BC3} = {774FA1FB-59D1-446A-B10C-38B7E7184689}
		{6BFA891F-B8DF-4F7C-A565-C755F380603B} = {774FA1FB-59D1-446A-B10C-38B7E7184689}
	EndGlobalSection
EndGlobal
